// !$*UTF8*$!
{
	archiveVersion = 1;
	classes = {
	};
	objectVersion = 56;
	objects = {

/* Begin PBXBuildFile section */
		2443DE922B4C5CBA00242F90 /* StackView.swift in Sources */ = {isa = PBXBuildFile; fileRef = 2443DE912B4C5CBA00242F90 /* StackView.swift */; };
		2443DE942B4C9A5100242F90 /* PageView.swift in Sources */ = {isa = PBXBuildFile; fileRef = 2443DE932B4C9A5100242F90 /* PageView.swift */; };
		245908522B32978D0023B631 /* ModelData.swift in Sources */ = {isa = PBXBuildFile; fileRef = 245908512B32978D0023B631 /* ModelData.swift */; };
		245908562B32981F0023B631 /* WeatherData.JSON in Resources */ = {isa = PBXBuildFile; fileRef = 245908552B32981F0023B631 /* WeatherData.JSON */; };
		24B1EAE02B321803006042BB /* RandomixManager.swift in Sources */ = {isa = PBXBuildFile; fileRef = 24B1EADF2B321803006042BB /* RandomixManager.swift */; };
		24B1EAE22B32740E006042BB /* RandomView.swift in Sources */ = {isa = PBXBuildFile; fileRef = 24B1EAE12B32740E006042BB /* RandomView.swift */; };
		24C4C4232B14B015009E8754 /* RandomixApp.swift in Sources */ = {isa = PBXBuildFile; fileRef = 24C4C4222B14B015009E8754 /* RandomixApp.swift */; };
		24C4C4252B14B015009E8754 /* ContentView.swift in Sources */ = {isa = PBXBuildFile; fileRef = 24C4C4242B14B015009E8754 /* ContentView.swift */; };
		24C4C4272B14B018009E8754 /* Assets.xcassets in Resources */ = {isa = PBXBuildFile; fileRef = 24C4C4262B14B018009E8754 /* Assets.xcassets */; };
		24C4C42A2B14B018009E8754 /* Preview Assets.xcassets in Resources */ = {isa = PBXBuildFile; fileRef = 24C4C4292B14B018009E8754 /* Preview Assets.xcassets */; };
		24C4C4322B14B08A009E8754 /* LocationManager.swift in Sources */ = {isa = PBXBuildFile; fileRef = 24C4C4312B14B08A009E8754 /* LocationManager.swift */; };
		24C4C4352B14B309009E8754 /* HomeView.swift in Sources */ = {isa = PBXBuildFile; fileRef = 24C4C4342B14B309009E8754 /* HomeView.swift */; };
		24C4C4372B14B5D6009E8754 /* LoadingView.swift in Sources */ = {isa = PBXBuildFile; fileRef = 24C4C4362B14B5D6009E8754 /* LoadingView.swift */; };
		24C4C4392B14B7B8009E8754 /* WeatherManager.swift in Sources */ = {isa = PBXBuildFile; fileRef = 24C4C4382B14B7B8009E8754 /* WeatherManager.swift */; };
/* End PBXBuildFile section */

/* Begin PBXFileReference section */
		2443DE912B4C5CBA00242F90 /* StackView.swift */ = {isa = PBXFileReference; lastKnownFileType = sourcecode.swift; path = StackView.swift; sourceTree = "<group>"; };
		2443DE932B4C9A5100242F90 /* PageView.swift */ = {isa = PBXFileReference; lastKnownFileType = sourcecode.swift; path = PageView.swift; sourceTree = "<group>"; };
		245908512B32978D0023B631 /* ModelData.swift */ = {isa = PBXFileReference; lastKnownFileType = sourcecode.swift; path = ModelData.swift; sourceTree = "<group>"; };
		245908552B32981F0023B631 /* WeatherData.JSON */ = {isa = PBXFileReference; lastKnownFileType = text.json; path = WeatherData.JSON; sourceTree = "<group>"; };
		24B1EADF2B321803006042BB /* RandomixManager.swift */ = {isa = PBXFileReference; lastKnownFileType = sourcecode.swift; path = RandomixManager.swift; sourceTree = "<group>"; };
		24B1EAE12B32740E006042BB /* RandomView.swift */ = {isa = PBXFileReference; lastKnownFileType = sourcecode.swift; path = RandomView.swift; sourceTree = "<group>"; };
		24C4C41F2B14B015009E8754 /* Randomix.app */ = {isa = PBXFileReference; explicitFileType = wrapper.application; includeInIndex = 0; path = Randomix.app; sourceTree = BUILT_PRODUCTS_DIR; };
		24C4C4222B14B015009E8754 /* RandomixApp.swift */ = {isa = PBXFileReference; lastKnownFileType = sourcecode.swift; path = RandomixApp.swift; sourceTree = "<group>"; };
		24C4C4242B14B015009E8754 /* ContentView.swift */ = {isa = PBXFileReference; lastKnownFileType = sourcecode.swift; path = ContentView.swift; sourceTree = "<group>"; };
		24C4C4262B14B018009E8754 /* Assets.xcassets */ = {isa = PBXFileReference; lastKnownFileType = folder.assetcatalog; path = Assets.xcassets; sourceTree = "<group>"; };
		24C4C4292B14B018009E8754 /* Preview Assets.xcassets */ = {isa = PBXFileReference; lastKnownFileType = folder.assetcatalog; path = "Preview Assets.xcassets"; sourceTree = "<group>"; };
		24C4C4312B14B08A009E8754 /* LocationManager.swift */ = {isa = PBXFileReference; lastKnownFileType = sourcecode.swift; path = LocationManager.swift; sourceTree = "<group>"; };
		24C4C4342B14B309009E8754 /* HomeView.swift */ = {isa = PBXFileReference; lastKnownFileType = sourcecode.swift; path = HomeView.swift; sourceTree = "<group>"; };
		24C4C4362B14B5D6009E8754 /* LoadingView.swift */ = {isa = PBXFileReference; lastKnownFileType = sourcecode.swift; path = LoadingView.swift; sourceTree = "<group>"; };
		24C4C4382B14B7B8009E8754 /* WeatherManager.swift */ = {isa = PBXFileReference; lastKnownFileType = sourcecode.swift; path = WeatherManager.swift; sourceTree = "<group>"; };
/* End PBXFileReference section */

/* Begin PBXFrameworksBuildPhase section */
		24C4C41C2B14B015009E8754 /* Frameworks */ = {
			isa = PBXFrameworksBuildPhase;
			buildActionMask = 2147483647;
			files = (
			);
			runOnlyForDeploymentPostprocessing = 0;
		};
/* End PBXFrameworksBuildPhase section */

/* Begin PBXGroup section */
		24C4C4162B14B015009E8754 = {
			isa = PBXGroup;
			children = (
				24C4C4212B14B015009E8754 /* Randomix */,
				24C4C4202B14B015009E8754 /* Products */,
			);
			sourceTree = "<group>";
		};
		24C4C4202B14B015009E8754 /* Products */ = {
			isa = PBXGroup;
			children = (
				24C4C41F2B14B015009E8754 /* Randomix.app */,
			);
			name = Products;
			sourceTree = "<group>";
		};
		24C4C4212B14B015009E8754 /* Randomix */ = {
			isa = PBXGroup;
			children = (
				24C4C4332B14B246009E8754 /* Views */,
				24C4C4302B14B06C009E8754 /* Managers */,
				24C4C4222B14B015009E8754 /* RandomixApp.swift */,
				24C4C4262B14B018009E8754 /* Assets.xcassets */,
				24C4C4282B14B018009E8754 /* Preview Content */,
			);
			path = Randomix;
			sourceTree = "<group>";
		};
		24C4C4282B14B018009E8754 /* Preview Content */ = {
			isa = PBXGroup;
			children = (
				24C4C4292B14B018009E8754 /* Preview Assets.xcassets */,
				245908512B32978D0023B631 /* ModelData.swift */,
				245908552B32981F0023B631 /* WeatherData.JSON */,
			);
			path = "Preview Content";
			sourceTree = "<group>";
		};
		24C4C4302B14B06C009E8754 /* Managers */ = {
			isa = PBXGroup;
			children = (
				24C4C4312B14B08A009E8754 /* LocationManager.swift */,
				24C4C4382B14B7B8009E8754 /* WeatherManager.swift */,
				24B1EADF2B321803006042BB /* RandomixManager.swift */,
			);
			path = Managers;
			sourceTree = "<group>";
		};
		24C4C4332B14B246009E8754 /* Views */ = {
			isa = PBXGroup;
			children = (
				24C4C4242B14B015009E8754 /* ContentView.swift */,
				24C4C4342B14B309009E8754 /* HomeView.swift */,
				24C4C4362B14B5D6009E8754 /* LoadingView.swift */,
				24B1EAE12B32740E006042BB /* RandomView.swift */,
				2443DE912B4C5CBA00242F90 /* StackView.swift */,
				2443DE932B4C9A5100242F90 /* PageView.swift */,
			);
			path = Views;
			sourceTree = "<group>";
		};
/* End PBXGroup section */

/* Begin PBXNativeTarget section */
		24C4C41E2B14B015009E8754 /* Randomix */ = {
			isa = PBXNativeTarget;
			buildConfigurationList = 24C4C42D2B14B018009E8754 /* Build configuration list for PBXNativeTarget "Randomix" */;
			buildPhases = (
				24C4C41B2B14B015009E8754 /* Sources */,
				24C4C41C2B14B015009E8754 /* Frameworks */,
				24C4C41D2B14B015009E8754 /* Resources */,
			);
			buildRules = (
			);
			dependencies = (
			);
			name = Randomix;
			productName = Randomix;
			productReference = 24C4C41F2B14B015009E8754 /* Randomix.app */;
			productType = "com.apple.product-type.application";
		};
/* End PBXNativeTarget section */

/* Begin PBXProject section */
		24C4C4172B14B015009E8754 /* Project object */ = {
			isa = PBXProject;
			attributes = {
				BuildIndependentTargetsInParallel = 1;
				LastSwiftUpdateCheck = 1430;
				LastUpgradeCheck = 1430;
				TargetAttributes = {
					24C4C41E2B14B015009E8754 = {
						CreatedOnToolsVersion = 14.3.1;
					};
				};
			};
			buildConfigurationList = 24C4C41A2B14B015009E8754 /* Build configuration list for PBXProject "Randomix" */;
			compatibilityVersion = "Xcode 14.0";
			developmentRegion = en;
			hasScannedForEncodings = 0;
			knownRegions = (
				en,
				Base,
			);
			mainGroup = 24C4C4162B14B015009E8754;
			productRefGroup = 24C4C4202B14B015009E8754 /* Products */;
			projectDirPath = "";
			projectRoot = "";
			targets = (
				24C4C41E2B14B015009E8754 /* Randomix */,
			);
		};
/* End PBXProject section */

/* Begin PBXResourcesBuildPhase section */
		24C4C41D2B14B015009E8754 /* Resources */ = {
			isa = PBXResourcesBuildPhase;
			buildActionMask = 2147483647;
			files = (
				245908562B32981F0023B631 /* WeatherData.JSON in Resources */,
				24C4C42A2B14B018009E8754 /* Preview Assets.xcassets in Resources */,
				24C4C4272B14B018009E8754 /* Assets.xcassets in Resources */,
			);
			runOnlyForDeploymentPostprocessing = 0;
		};
/* End PBXResourcesBuildPhase section */

/* Begin PBXSourcesBuildPhase section */
		24C4C41B2B14B015009E8754 /* Sources */ = {
			isa = PBXSourcesBuildPhase;
			buildActionMask = 2147483647;
			files = (
				24C4C4392B14B7B8009E8754 /* WeatherManager.swift in Sources */,
				24C4C4252B14B015009E8754 /* ContentView.swift in Sources */,
				245908522B32978D0023B631 /* ModelData.swift in Sources */,
				24C4C4352B14B309009E8754 /* HomeView.swift in Sources */,
				24C4C4232B14B015009E8754 /* RandomixApp.swift in Sources */,
				24C4C4372B14B5D6009E8754 /* LoadingView.swift in Sources */,
				24C4C4322B14B08A009E8754 /* LocationManager.swift in Sources */,
				24B1EAE02B321803006042BB /* RandomixManager.swift in Sources */,
				2443DE942B4C9A5100242F90 /* PageView.swift in Sources */,
				24B1EAE22B32740E006042BB /* RandomView.swift in Sources */,
				2443DE922B4C5CBA00242F90 /* StackView.swift in Sources */,
			);
			runOnlyForDeploymentPostprocessing = 0;
		};
/* End PBXSourcesBuildPhase section */

/* Begin XCBuildConfiguration section */
		24C4C42B2B14B018009E8754 /* Debug */ = {
			isa = XCBuildConfiguration;
			buildSettings = {
				ALWAYS_SEARCH_USER_PATHS = NO;
				CLANG_ANALYZER_NONNULL = YES;
				CLANG_ANALYZER_NUMBER_OBJECT_CONVERSION = YES_AGGRESSIVE;
				CLANG_CXX_LANGUAGE_STANDARD = "gnu++20";
				CLANG_ENABLE_MODULES = YES;
				CLANG_ENABLE_OBJC_ARC = YES;
				CLANG_ENABLE_OBJC_WEAK = YES;
				CLANG_WARN_BLOCK_CAPTURE_AUTORELEASING = YES;
				CLANG_WARN_BOOL_CONVERSION = YES;
				CLANG_WARN_COMMA = YES;
				CLANG_WARN_CONSTANT_CONVERSION = YES;
				CLANG_WARN_DEPRECATED_OBJC_IMPLEMENTATIONS = YES;
				CLANG_WARN_DIRECT_OBJC_ISA_USAGE = YES_ERROR;
				CLANG_WARN_DOCUMENTATION_COMMENTS = YES;
				CLANG_WARN_EMPTY_BODY = YES;
				CLANG_WARN_ENUM_CONVERSION = YES;
				CLANG_WARN_INFINITE_RECURSION = YES;
				CLANG_WARN_INT_CONVERSION = YES;
				CLANG_WARN_NON_LITERAL_NULL_CONVERSION = YES;
				CLANG_WARN_OBJC_IMPLICIT_RETAIN_SELF = YES;
				CLANG_WARN_OBJC_LITERAL_CONVERSION = YES;
				CLANG_WARN_OBJC_ROOT_CLASS = YES_ERROR;
				CLANG_WARN_QUOTED_INCLUDE_IN_FRAMEWORK_HEADER = YES;
				CLANG_WARN_RANGE_LOOP_ANALYSIS = YES;
				CLANG_WARN_STRICT_PROTOTYPES = YES;
				CLANG_WARN_SUSPICIOUS_MOVE = YES;
				CLANG_WARN_UNGUARDED_AVAILABILITY = YES_AGGRESSIVE;
				CLANG_WARN_UNREACHABLE_CODE = YES;
				CLANG_WARN__DUPLICATE_METHOD_MATCH = YES;
				COPY_PHASE_STRIP = NO;
				DEBUG_INFORMATION_FORMAT = dwarf;
				ENABLE_STRICT_OBJC_MSGSEND = YES;
				ENABLE_TESTABILITY = YES;
				GCC_C_LANGUAGE_STANDARD = gnu11;
				GCC_DYNAMIC_NO_PIC = NO;
				GCC_NO_COMMON_BLOCKS = YES;
				GCC_OPTIMIZATION_LEVEL = 0;
				GCC_PREPROCESSOR_DEFINITIONS = (
					"DEBUG=1",
					"$(inherited)",
				);
				GCC_WARN_64_TO_32_BIT_CONVERSION = YES;
				GCC_WARN_ABOUT_RETURN_TYPE = YES_ERROR;
				GCC_WARN_UNDECLARED_SELECTOR = YES;
				GCC_WARN_UNINITIALIZED_AUTOS = YES_AGGRESSIVE;
				GCC_WARN_UNUSED_FUNCTION = YES;
				GCC_WARN_UNUSED_VARIABLE = YES;
				IPHONEOS_DEPLOYMENT_TARGET = 16.4;
				MTL_ENABLE_DEBUG_INFO = INCLUDE_SOURCE;
				MTL_FAST_MATH = YES;
				ONLY_ACTIVE_ARCH = YES;
				SDKROOT = iphoneos;
				SWIFT_ACTIVE_COMPILATION_CONDITIONS = DEBUG;
				SWIFT_OPTIMIZATION_LEVEL = "-Onone";
			};
			name = Debug;
		};
		24C4C42C2B14B018009E8754 /* Release */ = {
			isa = XCBuildConfiguration;
			buildSettings = {
				ALWAYS_SEARCH_USER_PATHS = NO;
				CLANG_ANALYZER_NONNULL = YES;
				CLANG_ANALYZER_NUMBER_OBJECT_CONVERSION = YES_AGGRESSIVE;
				CLANG_CXX_LANGUAGE_STANDARD = "gnu++20";
				CLANG_ENABLE_MODULES = YES;
				CLANG_ENABLE_OBJC_ARC = YES;
				CLANG_ENABLE_OBJC_WEAK = YES;
				CLANG_WARN_BLOCK_CAPTURE_AUTORELEASING = YES;
				CLANG_WARN_BOOL_CONVERSION = YES;
				CLANG_WARN_COMMA = YES;
				CLANG_WARN_CONSTANT_CONVERSION = YES;
				CLANG_WARN_DEPRECATED_OBJC_IMPLEMENTATIONS = YES;
				CLANG_WARN_DIRECT_OBJC_ISA_USAGE = YES_ERROR;
				CLANG_WARN_DOCUMENTATION_COMMENTS = YES;
				CLANG_WARN_EMPTY_BODY = YES;
				CLANG_WARN_ENUM_CONVERSION = YES;
				CLANG_WARN_INFINITE_RECURSION = YES;
				CLANG_WARN_INT_CONVERSION = YES;
				CLANG_WARN_NON_LITERAL_NULL_CONVERSION = YES;
				CLANG_WARN_OBJC_IMPLICIT_RETAIN_SELF = YES;
				CLANG_WARN_OBJC_LITERAL_CONVERSION = YES;
				CLANG_WARN_OBJC_ROOT_CLASS = YES_ERROR;
				CLANG_WARN_QUOTED_INCLUDE_IN_FRAMEWORK_HEADER = YES;
				CLANG_WARN_RANGE_LOOP_ANALYSIS = YES;
				CLANG_WARN_STRICT_PROTOTYPES = YES;
				CLANG_WARN_SUSPICIOUS_MOVE = YES;
				CLANG_WARN_UNGUARDED_AVAILABILITY = YES_AGGRESSIVE;
				CLANG_WARN_UNREACHABLE_CODE = YES;
				CLANG_WARN__DUPLICATE_METHOD_MATCH = YES;
				COPY_PHASE_STRIP = NO;
				DEBUG_INFORMATION_FORMAT = "dwarf-with-dsym";
				ENABLE_NS_ASSERTIONS = NO;
				ENABLE_STRICT_OBJC_MSGSEND = YES;
				GCC_C_LANGUAGE_STANDARD = gnu11;
				GCC_NO_COMMON_BLOCKS = YES;
				GCC_WARN_64_TO_32_BIT_CONVERSION = YES;
				GCC_WARN_ABOUT_RETURN_TYPE = YES_ERROR;
				GCC_WARN_UNDECLARED_SELECTOR = YES;
				GCC_WARN_UNINITIALIZED_AUTOS = YES_AGGRESSIVE;
				GCC_WARN_UNUSED_FUNCTION = YES;
				GCC_WARN_UNUSED_VARIABLE = YES;
				IPHONEOS_DEPLOYMENT_TARGET = 16.4;
				MTL_ENABLE_DEBUG_INFO = NO;
				MTL_FAST_MATH = YES;
				SDKROOT = iphoneos;
				SWIFT_COMPILATION_MODE = wholemodule;
				SWIFT_OPTIMIZATION_LEVEL = "-O";
				VALIDATE_PRODUCT = YES;
			};
			name = Release;
		};
		24C4C42E2B14B018009E8754 /* Debug */ = {
			isa = XCBuildConfiguration;
			buildSettings = {
				ASSETCATALOG_COMPILER_APPICON_NAME = AppIcon;
				ASSETCATALOG_COMPILER_GLOBAL_ACCENT_COLOR_NAME = AccentColor;
				CODE_SIGN_STYLE = Automatic;
				CURRENT_PROJECT_VERSION = 1;
				DEVELOPMENT_ASSET_PATHS = "\"Randomix/Preview Content\"";
				DEVELOPMENT_TEAM = 8ZDBVHR74W;
				ENABLE_PREVIEWS = YES;
				GENERATE_INFOPLIST_FILE = YES;
				INFOPLIST_KEY_UIApplicationSceneManifest_Generation = YES;
				INFOPLIST_KEY_UIApplicationSupportsIndirectInputEvents = YES;
				INFOPLIST_KEY_UILaunchScreen_Generation = YES;
				INFOPLIST_KEY_UISupportedInterfaceOrientations_iPad = "UIInterfaceOrientationPortrait UIInterfaceOrientationPortraitUpsideDown UIInterfaceOrientationLandscapeLeft UIInterfaceOrientationLandscapeRight";
				INFOPLIST_KEY_UISupportedInterfaceOrientations_iPhone = "UIInterfaceOrientationPortrait UIInterfaceOrientationLandscapeLeft UIInterfaceOrientationLandscapeRight";
				LD_RUNPATH_SEARCH_PATHS = (
					"$(inherited)",
					"@executable_path/Frameworks",
				);
				MARKETING_VERSION = 1.0;
				PRODUCT_BUNDLE_IDENTIFIER = io.designcode.Randomix;
				PRODUCT_NAME = "$(TARGET_NAME)";
				SWIFT_EMIT_LOC_STRINGS = YES;
				SWIFT_VERSION = 5.0;
				TARGETED_DEVICE_FAMILY = "1,2";
			};
			name = Debug;
		};
		24C4C42F2B14B018009E8754 /* Release */ = {
			isa = XCBuildConfiguration;
			buildSettings = {
				ASSETCATALOG_COMPILER_APPICON_NAME = AppIcon;
				ASSETCATALOG_COMPILER_GLOBAL_ACCENT_COLOR_NAME = AccentColor;
				CODE_SIGN_STYLE = Automatic;
				CURRENT_PROJECT_VERSION = 1;
				DEVELOPMENT_ASSET_PATHS = "\"Randomix/Preview Content\"";
				DEVELOPMENT_TEAM = 8ZDBVHR74W;
				ENABLE_PREVIEWS = YES;
				GENERATE_INFOPLIST_FILE = YES;
				INFOPLIST_KEY_UIApplicationSceneManifest_Generation = YES;
				INFOPLIST_KEY_UIApplicationSupportsIndirectInputEvents = YES;
				INFOPLIST_KEY_UILaunchScreen_Generation = YES;
				INFOPLIST_KEY_UISupportedInterfaceOrientations_iPad = "UIInterfaceOrientationPortrait UIInterfaceOrientationPortraitUpsideDown UIInterfaceOrientationLandscapeLeft UIInterfaceOrientationLandscapeRight";
				INFOPLIST_KEY_UISupportedInterfaceOrientations_iPhone = "UIInterfaceOrientationPortrait UIInterfaceOrientationLandscapeLeft UIInterfaceOrientationLandscapeRight";
				LD_RUNPATH_SEARCH_PATHS = (
					"$(inherited)",
					"@executable_path/Frameworks",
				);
				MARKETING_VERSION = 1.0;
				PRODUCT_BUNDLE_IDENTIFIER = io.designcode.Randomix;
				PRODUCT_NAME = "$(TARGET_NAME)";
				SWIFT_EMIT_LOC_STRINGS = YES;
				SWIFT_VERSION = 5.0;
				TARGETED_DEVICE_FAMILY = "1,2";
			};
			name = Release;
		};
/* End XCBuildConfiguration section */

/* Begin XCConfigurationList section */
		24C4C41A2B14B015009E8754 /* Build configuration list for PBXProject "Randomix" */ = {
			isa = XCConfigurationList;
			buildConfigurations = (
				24C4C42B2B14B018009E8754 /* Debug */,
				24C4C42C2B14B018009E8754 /* Release */,
			);
			defaultConfigurationIsVisible = 0;
			defaultConfigurationName = Release;
		};
		24C4C42D2B14B018009E8754 /* Build configuration list for PBXNativeTarget "Randomix" */ = {
			isa = XCConfigurationList;
			buildConfigurations = (
				24C4C42E2B14B018009E8754 /* Debug */,
				24C4C42F2B14B018009E8754 /* Release */,
			);
			defaultConfigurationIsVisible = 0;
			defaultConfigurationName = Release;
		};
/* End XCConfigurationList section */
	};
	rootObject = 24C4C4172B14B015009E8754 /* Project object */;
}
